
Microsoft Visual Studio Solution File, Format Version 12.00
# Visual Studio Version 17
VisualStudioVersion = 17.5.33502.453
MinimumVisualStudioVersion = 10.0.40219.1
Project("{9A19103F-16F7-4668-BE54-9A1E7A4F7556}") = "ServerSide", "ServerSide\ServerSide.csproj", "{45E22949-9BDB-411E-857F-CFA95BA55FAF}"
EndProject
Project("{E53339B2-1760-4266-BCC7-CA923CBCF16C}") = "docker-compose", "docker-compose.dcproj", "{C3CE82DB-FDAA-4ABE-AFE9-3F5F6B5B9AF3}"
EndProject
Project("{2150E333-8FDC-42A3-9474-1A3956D46DE8}") = "Test", "Test", "{77C2ABD9-078D-49DC-8019-1AA8F3162DD3}"
EndProject
Project("{FAE04EC0-301F-11D3-BF4B-00C04F79EFBC}") = "TestReport", "..\TestReport\TestReport.csproj", "{18A5936E-C17A-4039-8A26-41009AF57276}"
EndProject
Global
	GlobalSection(SolutionConfigurationPlatforms) = preSolution
		Debug|Any CPU = Debug|Any CPU
		Release|Any CPU = Release|Any CPU
	EndGlobalSection
	GlobalSection(ProjectConfigurationPlatforms) = postSolution
		{45E22949-9BDB-411E-857F-CFA95BA55FAF}.Debug|Any CPU.ActiveCfg = Debug|Any CPU
		{45E22949-9BDB-411E-857F-CFA95BA55FAF}.Debug|Any CPU.Build.0 = Debug|Any CPU
		{45E22949-9BDB-411E-857F-CFA95BA55FAF}.Release|Any CPU.ActiveCfg = Release|Any CPU
		{45E22949-9BDB-411E-857F-CFA95BA55FAF}.Release|Any CPU.Build.0 = Release|Any CPU
		{C3CE82DB-FDAA-4ABE-AFE9-3F5F6B5B9AF3}.Debug|Any CPU.ActiveCfg = Debug|Any CPU
		{C3CE82DB-FDAA-4ABE-AFE9-3F5F6B5B9AF3}.Debug|Any CPU.Build.0 = Debug|Any CPU
		{C3CE82DB-FDAA-4ABE-AFE9-3F5F6B5B9AF3}.Release|Any CPU.ActiveCfg = Release|Any CPU
		{C3CE82DB-FDAA-4ABE-AFE9-3F5F6B5B9AF3}.Release|Any CPU.Build.0 = Release|Any CPU
		{18A5936E-C17A-4039-8A26-41009AF57276}.Debug|Any CPU.ActiveCfg = Debug|Any CPU
		{18A5936E-C17A-4039-8A26-41009AF57276}.Debug|Any CPU.Build.0 = Debug|Any CPU
		{18A5936E-C17A-4039-8A26-41009AF57276}.Release|Any CPU.ActiveCfg = Release|Any CPU
		{18A5936E-C17A-4039-8A26-41009AF57276}.Release|Any CPU.Build.0 = Release|Any CPU
	EndGlobalSection
	GlobalSection(SolutionProperties) = preSolution
		HideSolutionNode = FALSE
	EndGlobalSection
	GlobalSection(NestedProjects) = preSolution
		{18A5936E-C17A-4039-8A26-41009AF57276} = {77C2ABD9-078D-49DC-8019-1AA8F3162DD3}
	EndGlobalSection
	GlobalSection(ExtensibilityGlobals) = postSolution
		SolutionGuid = {AAE299BE-90E4-4351-9138-BDC64B384F1E}
	EndGlobalSection
EndGlobal
